
Microsoft Visual Studio Solution File, Format Version 12.00
# Visual Studio Version 16
VisualStudioVersion = 16.0.31112.23
MinimumVisualStudioVersion = 10.0.40219.1
Project("{FAE04EC0-301F-11D3-BF4B-00C04F79EFBC}") = "Mercury.Vimeo", "Mercury.Vimeo\Mercury.Vimeo.csproj", "{F7F8D026-B85A-49C7-91FC-86AE7BB529A8}"
EndProject
Global
	GlobalSection(SolutionConfigurationPlatforms) = preSolution
		Debug|Any CPU = Debug|Any CPU
		Release|Any CPU = Release|Any CPU
	EndGlobalSection
	GlobalSection(ProjectConfigurationPlatforms) = postSolution
		{F7F8D026-B85A-49C7-91FC-86AE7BB529A8}.Debug|Any CPU.ActiveCfg = Debug|Any CPU
		{F7F8D026-B85A-49C7-91FC-86AE7BB529A8}.Debug|Any CPU.Build.0 = Debug|Any CPU
		{F7F8D026-B85A-49C7-91FC-86AE7BB529A8}.Release|Any CPU.ActiveCfg = Release|Any CPU
		{F7F8D026-B85A-49C7-91FC-86AE7BB529A8}.Release|Any CPU.Build.0 = Release|Any CPU
	EndGlobalSection
	GlobalSection(SolutionProperties) = preSolution
		HideSolutionNode = FALSE
	EndGlobalSection
	GlobalSection(ExtensibilityGlobals) = postSolution
		SolutionGuid = {09C7BEE3-6CEF-4B4E-923F-6B38613393F3}
	EndGlobalSection
EndGlobal
